
Microsoft Visual Studio Solution File, Format Version 12.00
# Visual Studio Version 16
VisualStudioVersion = 16.0.31005.135
MinimumVisualStudioVersion = 10.0.40219.1
Project("{FAE04EC0-301F-11D3-BF4B-00C04F79EFBC}") = "multiplyfloat", "multiplyfloat\multiplyfloat.csproj", "{C310C1BD-724C-4B07-B6DF-2871E0814659}"
EndProject
Global
	GlobalSection(SolutionConfigurationPlatforms) = preSolution
		Debug|Any CPU = Debug|Any CPU
		Release|Any CPU = Release|Any CPU
	EndGlobalSection
	GlobalSection(ProjectConfigurationPlatforms) = postSolution
		{C310C1BD-724C-4B07-B6DF-2871E0814659}.Debug|Any CPU.ActiveCfg = Debug|Any CPU
		{C310C1BD-724C-4B07-B6DF-2871E0814659}.Debug|Any CPU.Build.0 = Debug|Any CPU
		{C310C1BD-724C-4B07-B6DF-2871E0814659}.Release|Any CPU.ActiveCfg = Release|Any CPU
		{C310C1BD-724C-4B07-B6DF-2871E0814659}.Release|Any CPU.Build.0 = Release|Any CPU
	EndGlobalSection
	GlobalSection(SolutionProperties) = preSolution
		HideSolutionNode = FALSE
	EndGlobalSection
	GlobalSection(ExtensibilityGlobals) = postSolution
		SolutionGuid = {1290E91B-1E31-4FEC-A7AD-7613E449947A}
	EndGlobalSection
EndGlobal
